<?xml version="1.0" encoding="UTF-8" standalone="yes" ?>
<CodeBlocks_project_file>
	<FileVersion major="1" minor="6" />
	<Project>
		<Option title="PizzaVerkefni" />
		<Option pch_mode="2" />
		<Option compiler="gcc" />
		<Build>
			<Target title="Debug">
<<<<<<< HEAD
				<Option output="bin/Debug/Klasar í skrár" prefix_auto="1" extension_auto="1" />
=======
				<Option output="bin/Debug/PizzaVerkefni" prefix_auto="1" extension_auto="1" />
>>>>>>> 296d831af0ea4f924b0a489b417f63a4280af68f
				<Option object_output="obj/Debug/" />
				<Option type="1" />
				<Option compiler="gcc" />
				<Compiler>
					<Add option="-g" />
<<<<<<< HEAD
				</Compiler>
			</Target>
			<Target title="Release">
				<Option output="bin/Release/Klasar í skrár" prefix_auto="1" extension_auto="1" />
=======
					<Add directory="include/UI" />
					<Add directory="include/models" />
					<Add directory="include/repositories" />
					<Add directory="include/service" />
					<Add directory="include/exeptions" />
				</Compiler>
			</Target>
			<Target title="Release">
				<Option output="bin/Release/PizzaVerkefni" prefix_auto="1" extension_auto="1" />
>>>>>>> 296d831af0ea4f924b0a489b417f63a4280af68f
				<Option object_output="obj/Release/" />
				<Option type="1" />
				<Option compiler="gcc" />
				<Compiler>
					<Add option="-O2" />
<<<<<<< HEAD
=======
					<Add directory="include/UI" />
					<Add directory="include/models" />
					<Add directory="include/repositories" />
					<Add directory="include/service" />
					<Add directory="include/exeptions" />
>>>>>>> 296d831af0ea4f924b0a489b417f63a4280af68f
				</Compiler>
				<Linker>
					<Add option="-s" />
				</Linker>
			</Target>
		</Build>
		<Compiler>
			<Add option="-Wall" />
			<Add option="-fexceptions" />
		</Compiler>
<<<<<<< HEAD
		<Unit filename="MainUI.cpp" />
		<Unit filename="MainUI.h" />
		<Unit filename="Pizza.cpp" />
		<Unit filename="Pizza.h" />
		<Unit filename="PizzaRepository.cpp" />
		<Unit filename="PizzaRepository.h" />
		<Unit filename="Topping.cpp" />
		<Unit filename="Topping.h" />
		<Unit filename="main.cpp" />
=======
		<Unit filename="include/UI/MainUI.h" />
		<Unit filename="include/exeptions/InvalidTopping.h" />
		<Unit filename="include/models/Pizza.h" />
		<Unit filename="include/repositories/PizzaRepository.h" />
		<Unit filename="include/service/Topping.h" />
		<Unit filename="main.cpp" />
		<Unit filename="src/UI/MainUI.cpp" />
		<Unit filename="src/exeptions/InvalidTopping.cpp" />
		<Unit filename="src/models/Pizza.cpp" />
		<Unit filename="src/repositories/PizzaRepository.cpp" />
		<Unit filename="src/service/Topping.cpp" />
>>>>>>> 296d831af0ea4f924b0a489b417f63a4280af68f
		<Extensions>
			<code_completion />
			<envvars />
			<debugger />
<<<<<<< HEAD
=======
			<lib_finder disable_auto="1" />
>>>>>>> 296d831af0ea4f924b0a489b417f63a4280af68f
		</Extensions>
	</Project>
</CodeBlocks_project_file>
